Microsoft Visual Studio Solution File, Format Version 8.00
Project("{C0AB5119-7A36-4E57-9FD6-C9DBBD6E8BCE}") = "Proxima", "Proxima.cabal", "{0BFEFFE0-E9CC-48EC-B33D-DEC9C2EFD1F2}"
	ProjectSection(ProjectDependencies) = postProject
	EndProjectSection
EndProject
Global
	GlobalSection(SolutionConfiguration) = preSolution
		Debug = Debug
	EndGlobalSection
	GlobalSection(ProjectConfiguration) = postSolution
		{0BFEFFE0-E9CC-48EC-B33D-DEC9C2EFD1F2}.Debug.ActiveCfg = Debug
		{0BFEFFE0-E9CC-48EC-B33D-DEC9C2EFD1F2}.Debug.Build.0 = Debug
	EndGlobalSection
	GlobalSection(ExtensibilityGlobals) = postSolution
	EndGlobalSection
	GlobalSection(ExtensibilityAddIns) = postSolution
	EndGlobalSection
EndGlobal
