Microsoft Visual Studio Solution File, Format Version 8.00
Project("{C0AB5119-7A36-4E57-9FD6-C9DBBD6E8BCE}") = "Proxima", "Proxima.cabal", "{0DACF8E9-E22B-4F81-978D-533714F0759E}"
	ProjectSection(ProjectDependencies) = postProject
	EndProjectSection
EndProject
Global
	GlobalSection(SolutionConfiguration) = preSolution
		Debug = Debug
	EndGlobalSection
	GlobalSection(ProjectConfiguration) = postSolution
		{0DACF8E9-E22B-4F81-978D-533714F0759E}.Debug.ActiveCfg = Debug
		{0DACF8E9-E22B-4F81-978D-533714F0759E}.Debug.Build.0 = Debug
	EndGlobalSection
	GlobalSection(ExtensibilityGlobals) = postSolution
	EndGlobalSection
	GlobalSection(ExtensibilityAddIns) = postSolution
	EndGlobalSection
EndGlobal
